
Microsoft Visual Studio Solution File, Format Version 12.00
# Visual Studio Version 17
VisualStudioVersion = 17.3.32825.248
MinimumVisualStudioVersion = 10.0.40219.1
Project("{FAE04EC0-301F-11D3-BF4B-00C04F79EFBC}") = "ClassLibraryPassword", "ClassLibraryPassword\ClassLibraryPassword.csproj", "{B2A539F0-D821-43CC-8E97-A6667C1DB64F}"
EndProject
Project("{FAE04EC0-301F-11D3-BF4B-00C04F79EFBC}") = "ClassLibraryPasswordTests", "ClassLibraryPasswordTests\ClassLibraryPasswordTests.csproj", "{74EA9981-FBF3-46E2-B1C8-8CC30CC2CBC4}"
EndProject
Global
	GlobalSection(SolutionConfigurationPlatforms) = preSolution
		Debug|Any CPU = Debug|Any CPU
		Release|Any CPU = Release|Any CPU
	EndGlobalSection
	GlobalSection(ProjectConfigurationPlatforms) = postSolution
		{B2A539F0-D821-43CC-8E97-A6667C1DB64F}.Debug|Any CPU.ActiveCfg = Debug|Any CPU
		{B2A539F0-D821-43CC-8E97-A6667C1DB64F}.Debug|Any CPU.Build.0 = Debug|Any CPU
		{B2A539F0-D821-43CC-8E97-A6667C1DB64F}.Release|Any CPU.ActiveCfg = Release|Any CPU
		{B2A539F0-D821-43CC-8E97-A6667C1DB64F}.Release|Any CPU.Build.0 = Release|Any CPU
		{74EA9981-FBF3-46E2-B1C8-8CC30CC2CBC4}.Debug|Any CPU.ActiveCfg = Debug|Any CPU
		{74EA9981-FBF3-46E2-B1C8-8CC30CC2CBC4}.Debug|Any CPU.Build.0 = Debug|Any CPU
		{74EA9981-FBF3-46E2-B1C8-8CC30CC2CBC4}.Release|Any CPU.ActiveCfg = Release|Any CPU
		{74EA9981-FBF3-46E2-B1C8-8CC30CC2CBC4}.Release|Any CPU.Build.0 = Release|Any CPU
	EndGlobalSection
	GlobalSection(SolutionProperties) = preSolution
		HideSolutionNode = FALSE
	EndGlobalSection
	GlobalSection(ExtensibilityGlobals) = postSolution
		SolutionGuid = {AA47C987-9FA5-4942-A5C2-4B70F386586F}
	EndGlobalSection
EndGlobal
